// !$*UTF8*$!
{
	archiveVersion = 1;
	classes = {
	};
	objectVersion = 55;
	objects = {

/* Begin PBXBuildFile section */
		541184AC28E4F2240003CFA6 /* OnBoardingView.swift in Sources */ = {isa = PBXBuildFile; fileRef = 541184AB28E4F2240003CFA6 /* OnBoardingView.swift */; };
		541184AF28E4F2680003CFA6 /* OnBoardingPageView.swift in Sources */ = {isa = PBXBuildFile; fileRef = 541184AE28E4F2680003CFA6 /* OnBoardingPageView.swift */; };
		541184B328E4F30C0003CFA6 /* Color+Extensions.swift in Sources */ = {isa = PBXBuildFile; fileRef = 541184B228E4F30C0003CFA6 /* Color+Extensions.swift */; };
		541184B728E4F3B90003CFA6 /* OnBoardingViewModel.swift in Sources */ = {isa = PBXBuildFile; fileRef = 541184B628E4F3B90003CFA6 /* OnBoardingViewModel.swift */; };
		541184BA28E4F3EA0003CFA6 /* OnBoardingStep.swift in Sources */ = {isa = PBXBuildFile; fileRef = 541184B928E4F3EA0003CFA6 /* OnBoardingStep.swift */; };
		541184BE28E4F4660003CFA6 /* AppSettingsViewModel.swift in Sources */ = {isa = PBXBuildFile; fileRef = 541184BD28E4F4660003CFA6 /* AppSettingsViewModel.swift */; };
		541184C328E4F4BB0003CFA6 /* UserDefaultsDataSourceImp.swift in Sources */ = {isa = PBXBuildFile; fileRef = 541184C128E4F4BB0003CFA6 /* UserDefaultsDataSourceImp.swift */; };
		541184C428E4F4BB0003CFA6 /* UserDefaultsDataSource.swift in Sources */ = {isa = PBXBuildFile; fileRef = 541184C228E4F4BB0003CFA6 /* UserDefaultsDataSource.swift */; };
		541184C928E4F5C70003CFA6 /* UserPrefencePersitable.swift in Sources */ = {isa = PBXBuildFile; fileRef = 541184C828E4F5C70003CFA6 /* UserPrefencePersitable.swift */; };
		541184CB28E4F5D90003CFA6 /* AppSetting.swift in Sources */ = {isa = PBXBuildFile; fileRef = 541184CA28E4F5D90003CFA6 /* AppSetting.swift */; };
		541184CF28E4F6A20003CFA6 /* AppDelegate.swift in Sources */ = {isa = PBXBuildFile; fileRef = 541184CE28E4F6A20003CFA6 /* AppDelegate.swift */; };
		541184D228E4F7980003CFA6 /* NavigationStyles.swift in Sources */ = {isa = PBXBuildFile; fileRef = 541184D128E4F7980003CFA6 /* NavigationStyles.swift */; };
		541184D428E4F7CC0003CFA6 /* UIColor+Extensions.swift in Sources */ = {isa = PBXBuildFile; fileRef = 541184D328E4F7CC0003CFA6 /* UIColor+Extensions.swift */; };
		541184DA28E4FA340003CFA6 /* UserSubscriptionViewRow.swift in Sources */ = {isa = PBXBuildFile; fileRef = 541184D928E4FA340003CFA6 /* UserSubscriptionViewRow.swift */; };
		541184DC28E4FA5B0003CFA6 /* Subscription.swift in Sources */ = {isa = PBXBuildFile; fileRef = 541184DB28E4FA5B0003CFA6 /* Subscription.swift */; };
		541184E028E4FA8F0003CFA6 /* SubscriptionService.swift in Sources */ = {isa = PBXBuildFile; fileRef = 541184DF28E4FA8F0003CFA6 /* SubscriptionService.swift */; };
		541184E228E4FAD10003CFA6 /* DateDuration.swift in Sources */ = {isa = PBXBuildFile; fileRef = 541184E128E4FAD10003CFA6 /* DateDuration.swift */; };
		541184E528E4FB040003CFA6 /* DateType.swift in Sources */ = {isa = PBXBuildFile; fileRef = 541184E428E4FB040003CFA6 /* DateType.swift */; };
		541184E828E4FB340003CFA6 /* CurrencyFormatter.swift in Sources */ = {isa = PBXBuildFile; fileRef = 541184E728E4FB340003CFA6 /* CurrencyFormatter.swift */; };
		541184EA28E4FB740003CFA6 /* SubscriptionMother.swift in Sources */ = {isa = PBXBuildFile; fileRef = 541184E928E4FB740003CFA6 /* SubscriptionMother.swift */; };
		541184ED28E4FBB80003CFA6 /* SubscriptionServiceMother.swift in Sources */ = {isa = PBXBuildFile; fileRef = 541184EC28E4FBB80003CFA6 /* SubscriptionServiceMother.swift */; };
		541184F128E4FC660003CFA6 /* UserSubscriptionsViewHeader.swift in Sources */ = {isa = PBXBuildFile; fileRef = 541184F028E4FC660003CFA6 /* UserSubscriptionsViewHeader.swift */; };
		541184F328E4FCBA0003CFA6 /* UserSubscriptionsEmptyView.swift in Sources */ = {isa = PBXBuildFile; fileRef = 541184F228E4FCBA0003CFA6 /* UserSubscriptionsEmptyView.swift */; };
		541184F628E4FD400003CFA6 /* UserSubscriptionsView.swift in Sources */ = {isa = PBXBuildFile; fileRef = 541184F528E4FD400003CFA6 /* UserSubscriptionsView.swift */; };
		541184F828E4FD550003CFA6 /* UserSubscriptionsViewModel.swift in Sources */ = {isa = PBXBuildFile; fileRef = 541184F728E4FD550003CFA6 /* UserSubscriptionsViewModel.swift */; };
		541184FD28E4FF020003CFA6 /* AppSettingsViewModelTest.swift in Sources */ = {isa = PBXBuildFile; fileRef = 541184FC28E4FF020003CFA6 /* AppSettingsViewModelTest.swift */; };
		5411850028E4FF650003CFA6 /* AppSettingsDataSourceMock.swift in Sources */ = {isa = PBXBuildFile; fileRef = 541184FF28E4FF650003CFA6 /* AppSettingsDataSourceMock.swift */; };
		5411850728E502330003CFA6 /* AppSettingsDataSourceTest.swift in Sources */ = {isa = PBXBuildFile; fileRef = 5411850628E502330003CFA6 /* AppSettingsDataSourceTest.swift */; };
		5424902928E4F09200149C08 /* octosubApp.swift in Sources */ = {isa = PBXBuildFile; fileRef = 5424902828E4F09200149C08 /* octosubApp.swift */; };
		5424902D28E4F09200149C08 /* Assets.xcassets in Resources */ = {isa = PBXBuildFile; fileRef = 5424902C28E4F09200149C08 /* Assets.xcassets */; };
		5424903028E4F09200149C08 /* Preview Assets.xcassets in Resources */ = {isa = PBXBuildFile; fileRef = 5424902F28E4F09200149C08 /* Preview Assets.xcassets */; };
		5424904428E4F09300149C08 /* octosubUITests.swift in Sources */ = {isa = PBXBuildFile; fileRef = 5424904328E4F09300149C08 /* octosubUITests.swift */; };
		5424904628E4F09300149C08 /* octosubUITestsLaunchTests.swift in Sources */ = {isa = PBXBuildFile; fileRef = 5424904528E4F09300149C08 /* octosubUITestsLaunchTests.swift */; };
		543C52E128E60BC300B94B9F /* CreateSubscriptionView.swift in Sources */ = {isa = PBXBuildFile; fileRef = 543C52E028E60BC300B94B9F /* CreateSubscriptionView.swift */; };
		543C52E328E60C1100B94B9F /* CreateSubscriptionViewModel.swift in Sources */ = {isa = PBXBuildFile; fileRef = 543C52E228E60C1100B94B9F /* CreateSubscriptionViewModel.swift */; };
		543C52E628E60D6600B94B9F /* SubscriptionError.swift in Sources */ = {isa = PBXBuildFile; fileRef = 543C52E528E60D6600B94B9F /* SubscriptionError.swift */; };
		543C52E928E60EB100B94B9F /* SubscriptionsDataSource.swift in Sources */ = {isa = PBXBuildFile; fileRef = 543C52E828E60EB100B94B9F /* SubscriptionsDataSource.swift */; };
		543C52EB28E60EDA00B94B9F /* SubscriptionsDataSourceImp.swift in Sources */ = {isa = PBXBuildFile; fileRef = 543C52EA28E60EDA00B94B9F /* SubscriptionsDataSourceImp.swift */; };
		543C530028E60F0200B94B9F /* SubscriptionDAO.swift in Sources */ = {isa = PBXBuildFile; fileRef = 543C52F128E60F0200B94B9F /* SubscriptionDAO.swift */; };
		543C530128E60F0200B94B9F /* SubscriptionDAOImp.swift in Sources */ = {isa = PBXBuildFile; fileRef = 543C52F228E60F0200B94B9F /* SubscriptionDAOImp.swift */; };
		543C530428E60F0200B94B9F /* GenericDAO.swift in Sources */ = {isa = PBXBuildFile; fileRef = 543C52F728E60F0200B94B9F /* GenericDAO.swift */; };
		543C530528E60F0200B94B9F /* GenericDAOImp.swift in Sources */ = {isa = PBXBuildFile; fileRef = 543C52F828E60F0200B94B9F /* GenericDAOImp.swift */; };
		543C530628E60F0200B94B9F /* SubscriptionServiceEntityMapper.swift in Sources */ = {isa = PBXBuildFile; fileRef = 543C52FA28E60F0200B94B9F /* SubscriptionServiceEntityMapper.swift */; };
		543C530728E60F0200B94B9F /* SubscriptionEntityMapper.swift in Sources */ = {isa = PBXBuildFile; fileRef = 543C52FB28E60F0200B94B9F /* SubscriptionEntityMapper.swift */; };
		543C530828E60F0200B94B9F /* SubscriptionServiceEntity.swift in Sources */ = {isa = PBXBuildFile; fileRef = 543C52FD28E60F0200B94B9F /* SubscriptionServiceEntity.swift */; };
		543C530928E60F0200B94B9F /* SubscriptionEntity.swift in Sources */ = {isa = PBXBuildFile; fileRef = 543C52FE28E60F0200B94B9F /* SubscriptionEntity.swift */; };
		543C530C28E60F8400B94B9F /* Realm in Frameworks */ = {isa = PBXBuildFile; productRef = 543C530B28E60F8400B94B9F /* Realm */; };
		543C530E28E60F8400B94B9F /* RealmSwift in Frameworks */ = {isa = PBXBuildFile; productRef = 543C530D28E60F8400B94B9F /* RealmSwift */; };
		543C531128E6123700B94B9F /* BottomSheet in Frameworks */ = {isa = PBXBuildFile; productRef = 543C531028E6123700B94B9F /* BottomSheet */; };
		543C532628E6135D00B94B9F /* DateFieldWithTextView.swift in Sources */ = {isa = PBXBuildFile; fileRef = 543C531528E6135D00B94B9F /* DateFieldWithTextView.swift */; };
		543C532828E6135D00B94B9F /* TextFieldWithTextView.swift in Sources */ = {isa = PBXBuildFile; fileRef = 543C531928E6135D00B94B9F /* TextFieldWithTextView.swift */; };
		543C532928E6135D00B94B9F /* SubscriptionPriceView.swift in Sources */ = {isa = PBXBuildFile; fileRef = 543C531A28E6135D00B94B9F /* SubscriptionPriceView.swift */; };
		543C532A28E6135D00B94B9F /* CurrencyTextField.swift in Sources */ = {isa = PBXBuildFile; fileRef = 543C531C28E6135D00B94B9F /* CurrencyTextField.swift */; };
		543C532B28E6135D00B94B9F /* CurrencyUITextField.swift in Sources */ = {isa = PBXBuildFile; fileRef = 543C531D28E6135D00B94B9F /* CurrencyUITextField.swift */; };
		543C532C28E6135D00B94B9F /* TimePickerStrategy.swift in Sources */ = {isa = PBXBuildFile; fileRef = 543C532028E6135D00B94B9F /* TimePickerStrategy.swift */; };
		543C532D28E6135D00B94B9F /* TimePickerRepetitionStrategy.swift in Sources */ = {isa = PBXBuildFile; fileRef = 543C532128E6135D00B94B9F /* TimePickerRepetitionStrategy.swift */; };
		543C532E28E6135D00B94B9F /* TimePickerDurationStrategy.swift in Sources */ = {isa = PBXBuildFile; fileRef = 543C532228E6135D00B94B9F /* TimePickerDurationStrategy.swift */; };
		543C532F28E6135D00B94B9F /* TimeMultiplePicker.swift in Sources */ = {isa = PBXBuildFile; fileRef = 543C532328E6135D00B94B9F /* TimeMultiplePicker.swift */; };
		543C533028E6135D00B94B9F /* PickerRepresentableValue.swift in Sources */ = {isa = PBXBuildFile; fileRef = 543C532528E6135D00B94B9F /* PickerRepresentableValue.swift */; };
		54ADC30F28E5746300725770 /* Nimble in Frameworks */ = {isa = PBXBuildFile; productRef = 54ADC30E28E5746300725770 /* Nimble */; };
		54ADC31328E576B900725770 /* SubscriptionServicesListViewModel.swift in Sources */ = {isa = PBXBuildFile; fileRef = 54ADC31228E576B900725770 /* SubscriptionServicesListViewModel.swift */; };
		54ADC31628E5770300725770 /* SubscriptionServicesDataSource.swift in Sources */ = {isa = PBXBuildFile; fileRef = 54ADC31528E5770300725770 /* SubscriptionServicesDataSource.swift */; };
		54ADC31828E5774000725770 /* SubscriptionServicesDataSourceImp.swift in Sources */ = {isa = PBXBuildFile; fileRef = 54ADC31728E5774000725770 /* SubscriptionServicesDataSourceImp.swift */; };
		54ADC31C28E577A600725770 /* SubcriptionServicesService.swift in Sources */ = {isa = PBXBuildFile; fileRef = 54ADC31B28E577A600725770 /* SubcriptionServicesService.swift */; };
		54ADC31E28E577BA00725770 /* SubcriptionServicesServiceImp.swift in Sources */ = {isa = PBXBuildFile; fileRef = 54ADC31D28E577BA00725770 /* SubcriptionServicesServiceImp.swift */; };
		54ADC32C28E578CF00725770 /* SubscriptionServiceDTO.swift in Sources */ = {isa = PBXBuildFile; fileRef = 54ADC32B28E578CF00725770 /* SubscriptionServiceDTO.swift */; };
		54ADC32F28E578F000725770 /* SubscriptionServiceDTOMapper.swift in Sources */ = {isa = PBXBuildFile; fileRef = 54ADC32E28E578F000725770 /* SubscriptionServiceDTOMapper.swift */; };
		54ADC33228E5794900725770 /* FirebaseCrashlytics in Frameworks */ = {isa = PBXBuildFile; productRef = 54ADC33128E5794900725770 /* FirebaseCrashlytics */; };
		54ADC33428E5794900725770 /* FirebaseFirestore in Frameworks */ = {isa = PBXBuildFile; productRef = 54ADC33328E5794900725770 /* FirebaseFirestore */; };
		54ADC33628E5794900725770 /* FirebaseFirestoreSwift in Frameworks */ = {isa = PBXBuildFile; productRef = 54ADC33528E5794900725770 /* FirebaseFirestoreSwift */; };
		54ADC33828E5794900725770 /* FirebaseMessaging in Frameworks */ = {isa = PBXBuildFile; productRef = 54ADC33728E5794900725770 /* FirebaseMessaging */; };
		54ADC33A28E5794900725770 /* FirebaseRemoteConfig in Frameworks */ = {isa = PBXBuildFile; productRef = 54ADC33928E5794900725770 /* FirebaseRemoteConfig */; };
		54ADC33C28E5794900725770 /* FirebaseRemoteConfigSwift in Frameworks */ = {isa = PBXBuildFile; productRef = 54ADC33B28E5794900725770 /* FirebaseRemoteConfigSwift */; };
		54ADC33E28E579D700725770 /* SubscriptionServicesListView.swift in Sources */ = {isa = PBXBuildFile; fileRef = 54ADC33D28E579D700725770 /* SubscriptionServicesListView.swift */; };
		54ADC34128E57A2700725770 /* SubscriptionServicesListRow.swift in Sources */ = {isa = PBXBuildFile; fileRef = 54ADC34028E57A2700725770 /* SubscriptionServicesListRow.swift */; };
		54ADC34328E57B5A00725770 /* GoogleService-Info.plist in Resources */ = {isa = PBXBuildFile; fileRef = 54ADC34228E57B5A00725770 /* GoogleService-Info.plist */; };
		54D61E6428E5722F005D766F /* Localizable.strings in Resources */ = {isa = PBXBuildFile; fileRef = 54D61E6628E5722F005D766F /* Localizable.strings */; };
		54D61E6928E57292005D766F /* String+Extensions.swift in Sources */ = {isa = PBXBuildFile; fileRef = 54D61E6828E57292005D766F /* String+Extensions.swift */; };
/* End PBXBuildFile section */

/* Begin PBXContainerItemProxy section */
		5424903628E4F09300149C08 /* PBXContainerItemProxy */ = {
			isa = PBXContainerItemProxy;
			containerPortal = 5424901D28E4F09200149C08 /* Project object */;
			proxyType = 1;
			remoteGlobalIDString = 5424902428E4F09200149C08;
			remoteInfo = octosub;
		};
		5424904028E4F09300149C08 /* PBXContainerItemProxy */ = {
			isa = PBXContainerItemProxy;
			containerPortal = 5424901D28E4F09200149C08 /* Project object */;
			proxyType = 1;
			remoteGlobalIDString = 5424902428E4F09200149C08;
			remoteInfo = octosub;
		};
/* End PBXContainerItemProxy section */

/* Begin PBXFileReference section */
		541184AB28E4F2240003CFA6 /* OnBoardingView.swift */ = {isa = PBXFileReference; lastKnownFileType = sourcecode.swift; path = OnBoardingView.swift; sourceTree = "<group>"; };
		541184AE28E4F2680003CFA6 /* OnBoardingPageView.swift */ = {isa = PBXFileReference; lastKnownFileType = sourcecode.swift; path = OnBoardingPageView.swift; sourceTree = "<group>"; };
		541184B228E4F30C0003CFA6 /* Color+Extensions.swift */ = {isa = PBXFileReference; lastKnownFileType = sourcecode.swift; path = "Color+Extensions.swift"; sourceTree = "<group>"; };
		541184B628E4F3B90003CFA6 /* OnBoardingViewModel.swift */ = {isa = PBXFileReference; lastKnownFileType = sourcecode.swift; path = OnBoardingViewModel.swift; sourceTree = "<group>"; };
		541184B928E4F3EA0003CFA6 /* OnBoardingStep.swift */ = {isa = PBXFileReference; lastKnownFileType = sourcecode.swift; path = OnBoardingStep.swift; sourceTree = "<group>"; };
		541184BD28E4F4660003CFA6 /* AppSettingsViewModel.swift */ = {isa = PBXFileReference; lastKnownFileType = sourcecode.swift; path = AppSettingsViewModel.swift; sourceTree = "<group>"; };
		541184C128E4F4BB0003CFA6 /* UserDefaultsDataSourceImp.swift */ = {isa = PBXFileReference; fileEncoding = 4; lastKnownFileType = sourcecode.swift; path = UserDefaultsDataSourceImp.swift; sourceTree = "<group>"; };
		541184C228E4F4BB0003CFA6 /* UserDefaultsDataSource.swift */ = {isa = PBXFileReference; fileEncoding = 4; lastKnownFileType = sourcecode.swift; path = UserDefaultsDataSource.swift; sourceTree = "<group>"; };
		541184C828E4F5C70003CFA6 /* UserPrefencePersitable.swift */ = {isa = PBXFileReference; lastKnownFileType = sourcecode.swift; path = UserPrefencePersitable.swift; sourceTree = "<group>"; };
		541184CA28E4F5D90003CFA6 /* AppSetting.swift */ = {isa = PBXFileReference; lastKnownFileType = sourcecode.swift; path = AppSetting.swift; sourceTree = "<group>"; };
		541184CE28E4F6A20003CFA6 /* AppDelegate.swift */ = {isa = PBXFileReference; lastKnownFileType = sourcecode.swift; path = AppDelegate.swift; sourceTree = "<group>"; };
		541184D128E4F7980003CFA6 /* NavigationStyles.swift */ = {isa = PBXFileReference; lastKnownFileType = sourcecode.swift; path = NavigationStyles.swift; sourceTree = "<group>"; };
		541184D328E4F7CC0003CFA6 /* UIColor+Extensions.swift */ = {isa = PBXFileReference; lastKnownFileType = sourcecode.swift; path = "UIColor+Extensions.swift"; sourceTree = "<group>"; };
		541184D928E4FA340003CFA6 /* UserSubscriptionViewRow.swift */ = {isa = PBXFileReference; lastKnownFileType = sourcecode.swift; path = UserSubscriptionViewRow.swift; sourceTree = "<group>"; };
		541184DB28E4FA5B0003CFA6 /* Subscription.swift */ = {isa = PBXFileReference; lastKnownFileType = sourcecode.swift; path = Subscription.swift; sourceTree = "<group>"; };
		541184DF28E4FA8F0003CFA6 /* SubscriptionService.swift */ = {isa = PBXFileReference; lastKnownFileType = sourcecode.swift; path = SubscriptionService.swift; sourceTree = "<group>"; };
		541184E128E4FAD10003CFA6 /* DateDuration.swift */ = {isa = PBXFileReference; lastKnownFileType = sourcecode.swift; path = DateDuration.swift; sourceTree = "<group>"; };
		541184E428E4FB040003CFA6 /* DateType.swift */ = {isa = PBXFileReference; lastKnownFileType = sourcecode.swift; path = DateType.swift; sourceTree = "<group>"; };
		541184E728E4FB340003CFA6 /* CurrencyFormatter.swift */ = {isa = PBXFileReference; lastKnownFileType = sourcecode.swift; path = CurrencyFormatter.swift; sourceTree = "<group>"; };
		541184E928E4FB740003CFA6 /* SubscriptionMother.swift */ = {isa = PBXFileReference; lastKnownFileType = sourcecode.swift; path = SubscriptionMother.swift; sourceTree = "<group>"; };
		541184EC28E4FBB80003CFA6 /* SubscriptionServiceMother.swift */ = {isa = PBXFileReference; lastKnownFileType = sourcecode.swift; path = SubscriptionServiceMother.swift; sourceTree = "<group>"; };
		541184F028E4FC660003CFA6 /* UserSubscriptionsViewHeader.swift */ = {isa = PBXFileReference; lastKnownFileType = sourcecode.swift; path = UserSubscriptionsViewHeader.swift; sourceTree = "<group>"; };
		541184F228E4FCBA0003CFA6 /* UserSubscriptionsEmptyView.swift */ = {isa = PBXFileReference; lastKnownFileType = sourcecode.swift; path = UserSubscriptionsEmptyView.swift; sourceTree = "<group>"; };
		541184F528E4FD400003CFA6 /* UserSubscriptionsView.swift */ = {isa = PBXFileReference; lastKnownFileType = sourcecode.swift; path = UserSubscriptionsView.swift; sourceTree = "<group>"; };
		541184F728E4FD550003CFA6 /* UserSubscriptionsViewModel.swift */ = {isa = PBXFileReference; lastKnownFileType = sourcecode.swift; path = UserSubscriptionsViewModel.swift; sourceTree = "<group>"; };
		541184FC28E4FF020003CFA6 /* AppSettingsViewModelTest.swift */ = {isa = PBXFileReference; lastKnownFileType = sourcecode.swift; path = AppSettingsViewModelTest.swift; sourceTree = "<group>"; };
		541184FF28E4FF650003CFA6 /* AppSettingsDataSourceMock.swift */ = {isa = PBXFileReference; lastKnownFileType = sourcecode.swift; path = AppSettingsDataSourceMock.swift; sourceTree = "<group>"; };
		5411850628E502330003CFA6 /* AppSettingsDataSourceTest.swift */ = {isa = PBXFileReference; lastKnownFileType = sourcecode.swift; path = AppSettingsDataSourceTest.swift; sourceTree = "<group>"; };
		5424902528E4F09200149C08 /* octosub.app */ = {isa = PBXFileReference; explicitFileType = wrapper.application; includeInIndex = 0; path = octosub.app; sourceTree = BUILT_PRODUCTS_DIR; };
		5424902828E4F09200149C08 /* octosubApp.swift */ = {isa = PBXFileReference; lastKnownFileType = sourcecode.swift; path = octosubApp.swift; sourceTree = "<group>"; };
		5424902C28E4F09200149C08 /* Assets.xcassets */ = {isa = PBXFileReference; lastKnownFileType = folder.assetcatalog; path = Assets.xcassets; sourceTree = "<group>"; };
		5424902F28E4F09200149C08 /* Preview Assets.xcassets */ = {isa = PBXFileReference; lastKnownFileType = folder.assetcatalog; path = "Preview Assets.xcassets"; sourceTree = "<group>"; };
		5424903528E4F09300149C08 /* octosubTests.xctest */ = {isa = PBXFileReference; explicitFileType = wrapper.cfbundle; includeInIndex = 0; path = octosubTests.xctest; sourceTree = BUILT_PRODUCTS_DIR; };
		5424903F28E4F09300149C08 /* octosubUITests.xctest */ = {isa = PBXFileReference; explicitFileType = wrapper.cfbundle; includeInIndex = 0; path = octosubUITests.xctest; sourceTree = BUILT_PRODUCTS_DIR; };
		5424904328E4F09300149C08 /* octosubUITests.swift */ = {isa = PBXFileReference; lastKnownFileType = sourcecode.swift; path = octosubUITests.swift; sourceTree = "<group>"; };
		5424904528E4F09300149C08 /* octosubUITestsLaunchTests.swift */ = {isa = PBXFileReference; lastKnownFileType = sourcecode.swift; path = octosubUITestsLaunchTests.swift; sourceTree = "<group>"; };
		543C52E028E60BC300B94B9F /* CreateSubscriptionView.swift */ = {isa = PBXFileReference; lastKnownFileType = sourcecode.swift; path = CreateSubscriptionView.swift; sourceTree = "<group>"; };
		543C52E228E60C1100B94B9F /* CreateSubscriptionViewModel.swift */ = {isa = PBXFileReference; lastKnownFileType = sourcecode.swift; path = CreateSubscriptionViewModel.swift; sourceTree = "<group>"; };
		543C52E528E60D6600B94B9F /* SubscriptionError.swift */ = {isa = PBXFileReference; lastKnownFileType = sourcecode.swift; path = SubscriptionError.swift; sourceTree = "<group>"; };
		543C52E828E60EB100B94B9F /* SubscriptionsDataSource.swift */ = {isa = PBXFileReference; lastKnownFileType = sourcecode.swift; path = SubscriptionsDataSource.swift; sourceTree = "<group>"; };
		543C52EA28E60EDA00B94B9F /* SubscriptionsDataSourceImp.swift */ = {isa = PBXFileReference; lastKnownFileType = sourcecode.swift; path = SubscriptionsDataSourceImp.swift; sourceTree = "<group>"; };
		543C52F128E60F0200B94B9F /* SubscriptionDAO.swift */ = {isa = PBXFileReference; fileEncoding = 4; lastKnownFileType = sourcecode.swift; path = SubscriptionDAO.swift; sourceTree = "<group>"; };
		543C52F228E60F0200B94B9F /* SubscriptionDAOImp.swift */ = {isa = PBXFileReference; fileEncoding = 4; lastKnownFileType = sourcecode.swift; path = SubscriptionDAOImp.swift; sourceTree = "<group>"; };
		543C52F728E60F0200B94B9F /* GenericDAO.swift */ = {isa = PBXFileReference; fileEncoding = 4; lastKnownFileType = sourcecode.swift; path = GenericDAO.swift; sourceTree = "<group>"; };
		543C52F828E60F0200B94B9F /* GenericDAOImp.swift */ = {isa = PBXFileReference; fileEncoding = 4; lastKnownFileType = sourcecode.swift; path = GenericDAOImp.swift; sourceTree = "<group>"; };
		543C52FA28E60F0200B94B9F /* SubscriptionServiceEntityMapper.swift */ = {isa = PBXFileReference; fileEncoding = 4; lastKnownFileType = sourcecode.swift; path = SubscriptionServiceEntityMapper.swift; sourceTree = "<group>"; };
		543C52FB28E60F0200B94B9F /* SubscriptionEntityMapper.swift */ = {isa = PBXFileReference; fileEncoding = 4; lastKnownFileType = sourcecode.swift; path = SubscriptionEntityMapper.swift; sourceTree = "<group>"; };
		543C52FD28E60F0200B94B9F /* SubscriptionServiceEntity.swift */ = {isa = PBXFileReference; fileEncoding = 4; lastKnownFileType = sourcecode.swift; path = SubscriptionServiceEntity.swift; sourceTree = "<group>"; };
		543C52FE28E60F0200B94B9F /* SubscriptionEntity.swift */ = {isa = PBXFileReference; fileEncoding = 4; lastKnownFileType = sourcecode.swift; path = SubscriptionEntity.swift; sourceTree = "<group>"; };
		543C531528E6135D00B94B9F /* DateFieldWithTextView.swift */ = {isa = PBXFileReference; fileEncoding = 4; lastKnownFileType = sourcecode.swift; path = DateFieldWithTextView.swift; sourceTree = "<group>"; };
		543C531928E6135D00B94B9F /* TextFieldWithTextView.swift */ = {isa = PBXFileReference; fileEncoding = 4; lastKnownFileType = sourcecode.swift; path = TextFieldWithTextView.swift; sourceTree = "<group>"; };
		543C531A28E6135D00B94B9F /* SubscriptionPriceView.swift */ = {isa = PBXFileReference; fileEncoding = 4; lastKnownFileType = sourcecode.swift; path = SubscriptionPriceView.swift; sourceTree = "<group>"; };
		543C531C28E6135D00B94B9F /* CurrencyTextField.swift */ = {isa = PBXFileReference; fileEncoding = 4; lastKnownFileType = sourcecode.swift; path = CurrencyTextField.swift; sourceTree = "<group>"; };
		543C531D28E6135D00B94B9F /* CurrencyUITextField.swift */ = {isa = PBXFileReference; fileEncoding = 4; lastKnownFileType = sourcecode.swift; path = CurrencyUITextField.swift; sourceTree = "<group>"; };
		543C532028E6135D00B94B9F /* TimePickerStrategy.swift */ = {isa = PBXFileReference; fileEncoding = 4; lastKnownFileType = sourcecode.swift; path = TimePickerStrategy.swift; sourceTree = "<group>"; };
		543C532128E6135D00B94B9F /* TimePickerRepetitionStrategy.swift */ = {isa = PBXFileReference; fileEncoding = 4; lastKnownFileType = sourcecode.swift; path = TimePickerRepetitionStrategy.swift; sourceTree = "<group>"; };
		543C532228E6135D00B94B9F /* TimePickerDurationStrategy.swift */ = {isa = PBXFileReference; fileEncoding = 4; lastKnownFileType = sourcecode.swift; path = TimePickerDurationStrategy.swift; sourceTree = "<group>"; };
		543C532328E6135D00B94B9F /* TimeMultiplePicker.swift */ = {isa = PBXFileReference; fileEncoding = 4; lastKnownFileType = sourcecode.swift; path = TimeMultiplePicker.swift; sourceTree = "<group>"; };
		543C532528E6135D00B94B9F /* PickerRepresentableValue.swift */ = {isa = PBXFileReference; fileEncoding = 4; lastKnownFileType = sourcecode.swift; path = PickerRepresentableValue.swift; sourceTree = "<group>"; };
		54ADC31228E576B900725770 /* SubscriptionServicesListViewModel.swift */ = {isa = PBXFileReference; lastKnownFileType = sourcecode.swift; path = SubscriptionServicesListViewModel.swift; sourceTree = "<group>"; };
		54ADC31528E5770300725770 /* SubscriptionServicesDataSource.swift */ = {isa = PBXFileReference; lastKnownFileType = sourcecode.swift; path = SubscriptionServicesDataSource.swift; sourceTree = "<group>"; };
		54ADC31728E5774000725770 /* SubscriptionServicesDataSourceImp.swift */ = {isa = PBXFileReference; lastKnownFileType = sourcecode.swift; path = SubscriptionServicesDataSourceImp.swift; sourceTree = "<group>"; };
		54ADC31B28E577A600725770 /* SubcriptionServicesService.swift */ = {isa = PBXFileReference; lastKnownFileType = sourcecode.swift; path = SubcriptionServicesService.swift; sourceTree = "<group>"; };
		54ADC31D28E577BA00725770 /* SubcriptionServicesServiceImp.swift */ = {isa = PBXFileReference; lastKnownFileType = sourcecode.swift; path = SubcriptionServicesServiceImp.swift; sourceTree = "<group>"; };
		54ADC32B28E578CF00725770 /* SubscriptionServiceDTO.swift */ = {isa = PBXFileReference; lastKnownFileType = sourcecode.swift; path = SubscriptionServiceDTO.swift; sourceTree = "<group>"; };
		54ADC32E28E578F000725770 /* SubscriptionServiceDTOMapper.swift */ = {isa = PBXFileReference; lastKnownFileType = sourcecode.swift; path = SubscriptionServiceDTOMapper.swift; sourceTree = "<group>"; };
		54ADC33D28E579D700725770 /* SubscriptionServicesListView.swift */ = {isa = PBXFileReference; lastKnownFileType = sourcecode.swift; path = SubscriptionServicesListView.swift; sourceTree = "<group>"; };
		54ADC34028E57A2700725770 /* SubscriptionServicesListRow.swift */ = {isa = PBXFileReference; lastKnownFileType = sourcecode.swift; path = SubscriptionServicesListRow.swift; sourceTree = "<group>"; };
		54ADC34228E57B5A00725770 /* GoogleService-Info.plist */ = {isa = PBXFileReference; fileEncoding = 4; lastKnownFileType = text.plist.xml; path = "GoogleService-Info.plist"; sourceTree = "<group>"; };
		54D61E6528E5722F005D766F /* en */ = {isa = PBXFileReference; lastKnownFileType = text.plist.strings; name = en; path = en.lproj/Localizable.strings; sourceTree = "<group>"; };
		54D61E6728E57246005D766F /* es */ = {isa = PBXFileReference; lastKnownFileType = text.plist.strings; name = es; path = es.lproj/Localizable.strings; sourceTree = "<group>"; };
		54D61E6828E57292005D766F /* String+Extensions.swift */ = {isa = PBXFileReference; lastKnownFileType = sourcecode.swift; path = "String+Extensions.swift"; sourceTree = "<group>"; };
/* End PBXFileReference section */

/* Begin PBXFrameworksBuildPhase section */
		5424902228E4F09200149C08 /* Frameworks */ = {
			isa = PBXFrameworksBuildPhase;
			buildActionMask = 2147483647;
			files = (
				543C530E28E60F8400B94B9F /* RealmSwift in Frameworks */,
				543C531128E6123700B94B9F /* BottomSheet in Frameworks */,
				543C530C28E60F8400B94B9F /* Realm in Frameworks */,
				54ADC33828E5794900725770 /* FirebaseMessaging in Frameworks */,
				54ADC33228E5794900725770 /* FirebaseCrashlytics in Frameworks */,
				54ADC33428E5794900725770 /* FirebaseFirestore in Frameworks */,
				54ADC33C28E5794900725770 /* FirebaseRemoteConfigSwift in Frameworks */,
				54ADC33628E5794900725770 /* FirebaseFirestoreSwift in Frameworks */,
				54ADC33A28E5794900725770 /* FirebaseRemoteConfig in Frameworks */,
			);
			runOnlyForDeploymentPostprocessing = 0;
		};
		5424903228E4F09300149C08 /* Frameworks */ = {
			isa = PBXFrameworksBuildPhase;
			buildActionMask = 2147483647;
			files = (
				54ADC30F28E5746300725770 /* Nimble in Frameworks */,
			);
			runOnlyForDeploymentPostprocessing = 0;
		};
		5424903C28E4F09300149C08 /* Frameworks */ = {
			isa = PBXFrameworksBuildPhase;
			buildActionMask = 2147483647;
			files = (
			);
			runOnlyForDeploymentPostprocessing = 0;
		};
/* End PBXFrameworksBuildPhase section */

/* Begin PBXGroup section */
		541184AA28E4F2130003CFA6 /* Views */ = {
			isa = PBXGroup;
			children = (
				543C52DC28E60B0600B94B9F /* Create Subscription */,
				541184DD28E4FA760003CFA6 /* Subcription Services */,
				541184D528E4F9EE0003CFA6 /* User Subscriptions */,
				541184AD28E4F24F0003CFA6 /* OnBoarding */,
			);
			path = Views;
			sourceTree = "<group>";
		};
		541184AD28E4F24F0003CFA6 /* OnBoarding */ = {
			isa = PBXGroup;
			children = (
				541184B828E4F3DD0003CFA6 /* Model */,
				541184B528E4F3AD0003CFA6 /* ViewModel */,
				541184B428E4F3A50003CFA6 /* View */,
			);
			path = OnBoarding;
			sourceTree = "<group>";
		};
		541184B028E4F2F10003CFA6 /* Utils */ = {
			isa = PBXGroup;
			children = (
				543C531328E6135D00B94B9F /* View Components */,
				541184D028E4F78A0003CFA6 /* Style */,
				541184B128E4F2F90003CFA6 /* Extensions */,
				541184E628E4FB170003CFA6 /* Formatters */,
				543C52E428E60D5100B94B9F /* Error */,
			);
			path = Utils;
			sourceTree = "<group>";
		};
		541184B128E4F2F90003CFA6 /* Extensions */ = {
			isa = PBXGroup;
			children = (
				541184B228E4F30C0003CFA6 /* Color+Extensions.swift */,
				541184D328E4F7CC0003CFA6 /* UIColor+Extensions.swift */,
				54D61E6828E57292005D766F /* String+Extensions.swift */,
			);
			path = Extensions;
			sourceTree = "<group>";
		};
		541184B428E4F3A50003CFA6 /* View */ = {
			isa = PBXGroup;
			children = (
				541184AB28E4F2240003CFA6 /* OnBoardingView.swift */,
				541184AE28E4F2680003CFA6 /* OnBoardingPageView.swift */,
			);
			path = View;
			sourceTree = "<group>";
		};
		541184B528E4F3AD0003CFA6 /* ViewModel */ = {
			isa = PBXGroup;
			children = (
				541184B628E4F3B90003CFA6 /* OnBoardingViewModel.swift */,
			);
			path = ViewModel;
			sourceTree = "<group>";
		};
		541184B828E4F3DD0003CFA6 /* Model */ = {
			isa = PBXGroup;
			children = (
				541184B928E4F3EA0003CFA6 /* OnBoardingStep.swift */,
			);
			path = Model;
			sourceTree = "<group>";
		};
		541184BB28E4F4260003CFA6 /* Settings */ = {
			isa = PBXGroup;
			children = (
				541184C728E4F5AA0003CFA6 /* Models */,
				541184C628E4F5A30003CFA6 /* View Model */,
			);
			path = Settings;
			sourceTree = "<group>";
		};
		541184BC28E4F4360003CFA6 /* App Settings */ = {
			isa = PBXGroup;
			children = (
				541184BD28E4F4660003CFA6 /* AppSettingsViewModel.swift */,
			);
			path = "App Settings";
			sourceTree = "<group>";
		};
		541184BF28E4F49D0003CFA6 /* Data Sources */ = {
			isa = PBXGroup;
			children = (
				541184C028E4F4BB0003CFA6 /* App Settings */,
				54ADC31428E576F000725770 /* Subscription Services */,
				543C52E728E60E9B00B94B9F /* Subscriptions */,
			);
			path = "Data Sources";
			sourceTree = "<group>";
		};
		541184C028E4F4BB0003CFA6 /* App Settings */ = {
			isa = PBXGroup;
			children = (
				541184C128E4F4BB0003CFA6 /* UserDefaultsDataSourceImp.swift */,
				541184C228E4F4BB0003CFA6 /* UserDefaultsDataSource.swift */,
			);
			path = "App Settings";
			sourceTree = "<group>";
		};
		541184C528E4F4EF0003CFA6 /* General */ = {
			isa = PBXGroup;
			children = (
				541184BB28E4F4260003CFA6 /* Settings */,
			);
			path = General;
			sourceTree = "<group>";
		};
		541184C628E4F5A30003CFA6 /* View Model */ = {
			isa = PBXGroup;
			children = (
				541184BC28E4F4360003CFA6 /* App Settings */,
			);
			path = "View Model";
			sourceTree = "<group>";
		};
		541184C728E4F5AA0003CFA6 /* Models */ = {
			isa = PBXGroup;
			children = (
				541184CC28E4F5ED0003CFA6 /* Protocol */,
				541184CD28E4F6420003CFA6 /* App Settings */,
			);
			path = Models;
			sourceTree = "<group>";
		};
		541184CC28E4F5ED0003CFA6 /* Protocol */ = {
			isa = PBXGroup;
			children = (
				541184C828E4F5C70003CFA6 /* UserPrefencePersitable.swift */,
			);
			path = Protocol;
			sourceTree = "<group>";
		};
		541184CD28E4F6420003CFA6 /* App Settings */ = {
			isa = PBXGroup;
			children = (
				541184CA28E4F5D90003CFA6 /* AppSetting.swift */,
			);
			path = "App Settings";
			sourceTree = "<group>";
		};
		541184D028E4F78A0003CFA6 /* Style */ = {
			isa = PBXGroup;
			children = (
				541184D128E4F7980003CFA6 /* NavigationStyles.swift */,
			);
			path = Style;
			sourceTree = "<group>";
		};
		541184D528E4F9EE0003CFA6 /* User Subscriptions */ = {
			isa = PBXGroup;
			children = (
				541184D828E4FA030003CFA6 /* Model */,
				541184D728E4F9FD0003CFA6 /* View Model */,
				541184D628E4F9F90003CFA6 /* View */,
			);
			path = "User Subscriptions";
			sourceTree = "<group>";
		};
		541184D628E4F9F90003CFA6 /* View */ = {
			isa = PBXGroup;
			children = (
				541184F528E4FD400003CFA6 /* UserSubscriptionsView.swift */,
				541184F428E4FD300003CFA6 /* Components */,
			);
			path = View;
			sourceTree = "<group>";
		};
		541184D728E4F9FD0003CFA6 /* View Model */ = {
			isa = PBXGroup;
			children = (
				541184F728E4FD550003CFA6 /* UserSubscriptionsViewModel.swift */,
			);
			path = "View Model";
			sourceTree = "<group>";
		};
		541184D828E4FA030003CFA6 /* Model */ = {
			isa = PBXGroup;
			children = (
				541184DB28E4FA5B0003CFA6 /* Subscription.swift */,
				541184E128E4FAD10003CFA6 /* DateDuration.swift */,
				541184E428E4FB040003CFA6 /* DateType.swift */,
			);
			path = Model;
			sourceTree = "<group>";
		};
		541184DD28E4FA760003CFA6 /* Subcription Services */ = {
			isa = PBXGroup;
			children = (
				541184DE28E4FA850003CFA6 /* Model */,
				54ADC31028E5768D00725770 /* View Model */,
				54ADC31128E5769400725770 /* View */,
			);
			path = "Subcription Services";
			sourceTree = "<group>";
		};
		541184DE28E4FA850003CFA6 /* Model */ = {
			isa = PBXGroup;
			children = (
				541184DF28E4FA8F0003CFA6 /* SubscriptionService.swift */,
			);
			path = Model;
			sourceTree = "<group>";
		};
		541184E628E4FB170003CFA6 /* Formatters */ = {
			isa = PBXGroup;
			children = (
				541184E728E4FB340003CFA6 /* CurrencyFormatter.swift */,
			);
			path = Formatters;
			sourceTree = "<group>";
		};
		541184EB28E4FB960003CFA6 /* Models */ = {
			isa = PBXGroup;
			children = (
				541184E928E4FB740003CFA6 /* SubscriptionMother.swift */,
				541184EC28E4FBB80003CFA6 /* SubscriptionServiceMother.swift */,
			);
			path = Models;
			sourceTree = "<group>";
		};
		541184F428E4FD300003CFA6 /* Components */ = {
			isa = PBXGroup;
			children = (
				541184D928E4FA340003CFA6 /* UserSubscriptionViewRow.swift */,
				541184F028E4FC660003CFA6 /* UserSubscriptionsViewHeader.swift */,
				541184F228E4FCBA0003CFA6 /* UserSubscriptionsEmptyView.swift */,
			);
			path = Components;
			sourceTree = "<group>";
		};
		541184FE28E4FF510003CFA6 /* Mocks */ = {
			isa = PBXGroup;
			children = (
				541184FF28E4FF650003CFA6 /* AppSettingsDataSourceMock.swift */,
			);
			path = Mocks;
			sourceTree = "<group>";
		};
		5411850128E500200003CFA6 /* Frameworks */ = {
			isa = PBXGroup;
			children = (
			);
			name = Frameworks;
			sourceTree = "<group>";
		};
		5411850428E502090003CFA6 /* View Models */ = {
			isa = PBXGroup;
			children = (
				541184FC28E4FF020003CFA6 /* AppSettingsViewModelTest.swift */,
			);
			path = "View Models";
			sourceTree = "<group>";
		};
		5411850528E502180003CFA6 /* Data Sources */ = {
			isa = PBXGroup;
			children = (
				5411850628E502330003CFA6 /* AppSettingsDataSourceTest.swift */,
			);
			path = "Data Sources";
			sourceTree = "<group>";
		};
		5424901C28E4F09200149C08 = {
			isa = PBXGroup;
			children = (
				5424902728E4F09200149C08 /* octosub */,
				5424903828E4F09300149C08 /* octosubTests */,
				5424904228E4F09300149C08 /* octosubUITests */,
				5424902628E4F09200149C08 /* Products */,
				5411850128E500200003CFA6 /* Frameworks */,
			);
			sourceTree = "<group>";
		};
		5424902628E4F09200149C08 /* Products */ = {
			isa = PBXGroup;
			children = (
				5424902528E4F09200149C08 /* octosub.app */,
				5424903528E4F09300149C08 /* octosubTests.xctest */,
				5424903F28E4F09300149C08 /* octosubUITests.xctest */,
			);
			name = Products;
			sourceTree = "<group>";
		};
		5424902728E4F09200149C08 /* octosub */ = {
			isa = PBXGroup;
			children = (
				5424902828E4F09200149C08 /* octosubApp.swift */,
				541184CE28E4F6A20003CFA6 /* AppDelegate.swift */,
				541184B028E4F2F10003CFA6 /* Utils */,
				541184C528E4F4EF0003CFA6 /* General */,
				541184AA28E4F2130003CFA6 /* Views */,
				541184BF28E4F49D0003CFA6 /* Data Sources */,
				543C52EC28E60F0200B94B9F /* Persistence */,
				54ADC31928E5777C00725770 /* Network */,
				5424902E28E4F09200149C08 /* Preview Content */,
				54D61E6128E571D7005D766F /* Localizables */,
				5424902C28E4F09200149C08 /* Assets.xcassets */,
				54ADC34228E57B5A00725770 /* GoogleService-Info.plist */,
			);
			path = octosub;
			sourceTree = "<group>";
		};
		5424902E28E4F09200149C08 /* Preview Content */ = {
			isa = PBXGroup;
			children = (
				5424902F28E4F09200149C08 /* Preview Assets.xcassets */,
				541184EB28E4FB960003CFA6 /* Models */,
			);
			path = "Preview Content";
			sourceTree = "<group>";
		};
		5424903828E4F09300149C08 /* octosubTests */ = {
			isa = PBXGroup;
			children = (
				541184FE28E4FF510003CFA6 /* Mocks */,
				5411850528E502180003CFA6 /* Data Sources */,
				5411850428E502090003CFA6 /* View Models */,
			);
			path = octosubTests;
			sourceTree = "<group>";
		};
		5424904228E4F09300149C08 /* octosubUITests */ = {
			isa = PBXGroup;
			children = (
				5424904328E4F09300149C08 /* octosubUITests.swift */,
				5424904528E4F09300149C08 /* octosubUITestsLaunchTests.swift */,
			);
			path = octosubUITests;
			sourceTree = "<group>";
		};
		543C52DC28E60B0600B94B9F /* Create Subscription */ = {
			isa = PBXGroup;
			children = (
				543C52DE28E60B3900B94B9F /* View Model */,
				543C52DD28E60B3500B94B9F /* View */,
			);
			path = "Create Subscription";
			sourceTree = "<group>";
		};
		543C52DD28E60B3500B94B9F /* View */ = {
			isa = PBXGroup;
			children = (
				543C531228E6131C00B94B9F /* Components */,
				543C52E028E60BC300B94B9F /* CreateSubscriptionView.swift */,
			);
			path = View;
			sourceTree = "<group>";
		};
		543C52DE28E60B3900B94B9F /* View Model */ = {
			isa = PBXGroup;
			children = (
				543C52E228E60C1100B94B9F /* CreateSubscriptionViewModel.swift */,
			);
			path = "View Model";
			sourceTree = "<group>";
		};
		543C52E428E60D5100B94B9F /* Error */ = {
			isa = PBXGroup;
			children = (
				543C52E528E60D6600B94B9F /* SubscriptionError.swift */,
			);
			path = Error;
			sourceTree = "<group>";
		};
		543C52E728E60E9B00B94B9F /* Subscriptions */ = {
			isa = PBXGroup;
			children = (
				543C52E828E60EB100B94B9F /* SubscriptionsDataSource.swift */,
				543C52EA28E60EDA00B94B9F /* SubscriptionsDataSourceImp.swift */,
			);
			path = Subscriptions;
			sourceTree = "<group>";
		};
		543C52EC28E60F0200B94B9F /* Persistence */ = {
			isa = PBXGroup;
			children = (
				543C52EF28E60F0200B94B9F /* DAO */,
				543C52F928E60F0200B94B9F /* Mappers */,
				543C52FC28E60F0200B94B9F /* Entities */,
			);
			path = Persistence;
			sourceTree = "<group>";
		};
		543C52EF28E60F0200B94B9F /* DAO */ = {
			isa = PBXGroup;
			children = (
				543C52F028E60F0200B94B9F /* Subcription */,
				543C52F628E60F0200B94B9F /* Generic DAO */,
			);
			path = DAO;
			sourceTree = "<group>";
		};
		543C52F028E60F0200B94B9F /* Subcription */ = {
			isa = PBXGroup;
			children = (
				543C52F128E60F0200B94B9F /* SubscriptionDAO.swift */,
				543C52F228E60F0200B94B9F /* SubscriptionDAOImp.swift */,
			);
			path = Subcription;
			sourceTree = "<group>";
		};
		543C52F628E60F0200B94B9F /* Generic DAO */ = {
			isa = PBXGroup;
			children = (
				543C52F728E60F0200B94B9F /* GenericDAO.swift */,
				543C52F828E60F0200B94B9F /* GenericDAOImp.swift */,
			);
			path = "Generic DAO";
			sourceTree = "<group>";
		};
		543C52F928E60F0200B94B9F /* Mappers */ = {
			isa = PBXGroup;
			children = (
				543C52FA28E60F0200B94B9F /* SubscriptionServiceEntityMapper.swift */,
				543C52FB28E60F0200B94B9F /* SubscriptionEntityMapper.swift */,
			);
			path = Mappers;
			sourceTree = "<group>";
		};
		543C52FC28E60F0200B94B9F /* Entities */ = {
			isa = PBXGroup;
			children = (
				543C52FD28E60F0200B94B9F /* SubscriptionServiceEntity.swift */,
				543C52FE28E60F0200B94B9F /* SubscriptionEntity.swift */,
			);
			path = Entities;
			sourceTree = "<group>";
		};
		543C531228E6131C00B94B9F /* Components */ = {
			isa = PBXGroup;
			children = (
			);
			path = Components;
			sourceTree = "<group>";
		};
		543C531328E6135D00B94B9F /* View Components */ = {
			isa = PBXGroup;
			children = (
				543C531428E6135D00B94B9F /* DateField With Text */,
				543C531828E6135D00B94B9F /* TextFields */,
				543C531B28E6135D00B94B9F /* Currency Field */,
				543C531E28E6135D00B94B9F /* TimeMultiple Picker */,
			);
			path = "View Components";
			sourceTree = "<group>";
		};
		543C531428E6135D00B94B9F /* DateField With Text */ = {
			isa = PBXGroup;
			children = (
				543C531528E6135D00B94B9F /* DateFieldWithTextView.swift */,
			);
			path = "DateField With Text";
			sourceTree = "<group>";
		};
		543C531828E6135D00B94B9F /* TextFields */ = {
			isa = PBXGroup;
			children = (
				543C531928E6135D00B94B9F /* TextFieldWithTextView.swift */,
				543C531A28E6135D00B94B9F /* SubscriptionPriceView.swift */,
			);
			path = TextFields;
			sourceTree = "<group>";
		};
		543C531B28E6135D00B94B9F /* Currency Field */ = {
			isa = PBXGroup;
			children = (
				543C531C28E6135D00B94B9F /* CurrencyTextField.swift */,
				543C531D28E6135D00B94B9F /* CurrencyUITextField.swift */,
			);
			path = "Currency Field";
			sourceTree = "<group>";
		};
		543C531E28E6135D00B94B9F /* TimeMultiple Picker */ = {
			isa = PBXGroup;
			children = (
				543C531F28E6135D00B94B9F /* Strategies */,
				543C532328E6135D00B94B9F /* TimeMultiplePicker.swift */,
				543C532428E6135D00B94B9F /* Picker Representable Protocol */,
			);
			path = "TimeMultiple Picker";
			sourceTree = "<group>";
		};
		543C531F28E6135D00B94B9F /* Strategies */ = {
			isa = PBXGroup;
			children = (
				543C532028E6135D00B94B9F /* TimePickerStrategy.swift */,
				543C532128E6135D00B94B9F /* TimePickerRepetitionStrategy.swift */,
				543C532228E6135D00B94B9F /* TimePickerDurationStrategy.swift */,
			);
			path = Strategies;
			sourceTree = "<group>";
		};
		543C532428E6135D00B94B9F /* Picker Representable Protocol */ = {
			isa = PBXGroup;
			children = (
				543C532528E6135D00B94B9F /* PickerRepresentableValue.swift */,
			);
			path = "Picker Representable Protocol";
			sourceTree = "<group>";
		};
		54ADC31028E5768D00725770 /* View Model */ = {
			isa = PBXGroup;
			children = (
				54ADC31228E576B900725770 /* SubscriptionServicesListViewModel.swift */,
			);
			path = "View Model";
			sourceTree = "<group>";
		};
		54ADC31128E5769400725770 /* View */ = {
			isa = PBXGroup;
			children = (
				54ADC33D28E579D700725770 /* SubscriptionServicesListView.swift */,
				54ADC33F28E57A1500725770 /* Components */,
			);
			path = View;
			sourceTree = "<group>";
		};
		54ADC31428E576F000725770 /* Subscription Services */ = {
			isa = PBXGroup;
			children = (
				54ADC31528E5770300725770 /* SubscriptionServicesDataSource.swift */,
				54ADC31728E5774000725770 /* SubscriptionServicesDataSourceImp.swift */,
			);
			path = "Subscription Services";
			sourceTree = "<group>";
		};
		54ADC31928E5777C00725770 /* Network */ = {
			isa = PBXGroup;
			children = (
				54ADC31A28E5779A00725770 /* Subcription Services */,
			);
			path = Network;
			sourceTree = "<group>";
		};
		54ADC31A28E5779A00725770 /* Subcription Services */ = {
			isa = PBXGroup;
			children = (
				54ADC32A28E578BE00725770 /* DTO */,
				54ADC32D28E578DD00725770 /* Mapper */,
				54ADC31B28E577A600725770 /* SubcriptionServicesService.swift */,
				54ADC31D28E577BA00725770 /* SubcriptionServicesServiceImp.swift */,
			);
			path = "Subcription Services";
			sourceTree = "<group>";
		};
		54ADC32A28E578BE00725770 /* DTO */ = {
			isa = PBXGroup;
			children = (
				54ADC32B28E578CF00725770 /* SubscriptionServiceDTO.swift */,
			);
			path = DTO;
			sourceTree = "<group>";
		};
		54ADC32D28E578DD00725770 /* Mapper */ = {
			isa = PBXGroup;
			children = (
				54ADC32E28E578F000725770 /* SubscriptionServiceDTOMapper.swift */,
			);
			path = Mapper;
			sourceTree = "<group>";
		};
		54ADC33F28E57A1500725770 /* Components */ = {
			isa = PBXGroup;
			children = (
				54ADC34028E57A2700725770 /* SubscriptionServicesListRow.swift */,
			);
			path = Components;
			sourceTree = "<group>";
		};
		54D61E6128E571D7005D766F /* Localizables */ = {
			isa = PBXGroup;
			children = (
				54D61E6628E5722F005D766F /* Localizable.strings */,
			);
			path = Localizables;
			sourceTree = "<group>";
		};
/* End PBXGroup section */

/* Begin PBXNativeTarget section */
		5424902428E4F09200149C08 /* octosub */ = {
			isa = PBXNativeTarget;
			buildConfigurationList = 5424904928E4F09300149C08 /* Build configuration list for PBXNativeTarget "octosub" */;
			buildPhases = (
				5424902128E4F09200149C08 /* Sources */,
				5424902228E4F09200149C08 /* Frameworks */,
				5424902328E4F09200149C08 /* Resources */,
			);
			buildRules = (
			);
			dependencies = (
			);
			name = octosub;
			packageProductDependencies = (
				54ADC33128E5794900725770 /* FirebaseCrashlytics */,
				54ADC33328E5794900725770 /* FirebaseFirestore */,
				54ADC33528E5794900725770 /* FirebaseFirestoreSwift */,
				54ADC33728E5794900725770 /* FirebaseMessaging */,
				54ADC33928E5794900725770 /* FirebaseRemoteConfig */,
				54ADC33B28E5794900725770 /* FirebaseRemoteConfigSwift */,
				543C530B28E60F8400B94B9F /* Realm */,
				543C530D28E60F8400B94B9F /* RealmSwift */,
				543C531028E6123700B94B9F /* BottomSheet */,
			);
			productName = octosub;
			productReference = 5424902528E4F09200149C08 /* octosub.app */;
			productType = "com.apple.product-type.application";
		};
		5424903428E4F09300149C08 /* octosubTests */ = {
			isa = PBXNativeTarget;
			buildConfigurationList = 5424904C28E4F09300149C08 /* Build configuration list for PBXNativeTarget "octosubTests" */;
			buildPhases = (
				5424903128E4F09300149C08 /* Sources */,
				5424903228E4F09300149C08 /* Frameworks */,
				5424903328E4F09300149C08 /* Resources */,
			);
			buildRules = (
			);
			dependencies = (
				5424903728E4F09300149C08 /* PBXTargetDependency */,
			);
			name = octosubTests;
			packageProductDependencies = (
				54ADC30E28E5746300725770 /* Nimble */,
			);
			productName = octosubTests;
			productReference = 5424903528E4F09300149C08 /* octosubTests.xctest */;
			productType = "com.apple.product-type.bundle.unit-test";
		};
		5424903E28E4F09300149C08 /* octosubUITests */ = {
			isa = PBXNativeTarget;
			buildConfigurationList = 5424904F28E4F09300149C08 /* Build configuration list for PBXNativeTarget "octosubUITests" */;
			buildPhases = (
				5424903B28E4F09300149C08 /* Sources */,
				5424903C28E4F09300149C08 /* Frameworks */,
				5424903D28E4F09300149C08 /* Resources */,
			);
			buildRules = (
			);
			dependencies = (
				5424904128E4F09300149C08 /* PBXTargetDependency */,
			);
			name = octosubUITests;
			productName = octosubUITests;
			productReference = 5424903F28E4F09300149C08 /* octosubUITests.xctest */;
			productType = "com.apple.product-type.bundle.ui-testing";
		};
/* End PBXNativeTarget section */

/* Begin PBXProject section */
		5424901D28E4F09200149C08 /* Project object */ = {
			isa = PBXProject;
			attributes = {
				BuildIndependentTargetsInParallel = 1;
				LastSwiftUpdateCheck = 1400;
				LastUpgradeCheck = 1400;
				TargetAttributes = {
					5424902428E4F09200149C08 = {
						CreatedOnToolsVersion = 14.0.1;
					};
					5424903428E4F09300149C08 = {
						CreatedOnToolsVersion = 14.0.1;
						LastSwiftMigration = 1400;
						TestTargetID = 5424902428E4F09200149C08;
					};
					5424903E28E4F09300149C08 = {
						CreatedOnToolsVersion = 14.0.1;
						TestTargetID = 5424902428E4F09200149C08;
					};
				};
			};
			buildConfigurationList = 5424902028E4F09200149C08 /* Build configuration list for PBXProject "octosub" */;
			compatibilityVersion = "Xcode 13.0";
			developmentRegion = en;
			hasScannedForEncodings = 0;
			knownRegions = (
				en,
				Base,
				es,
			);
			mainGroup = 5424901C28E4F09200149C08;
			packageReferences = (
				54ADC30D28E5746300725770 /* XCRemoteSwiftPackageReference "Nimble" */,
				54ADC33028E5794900725770 /* XCRemoteSwiftPackageReference "firebase-ios-sdk" */,
				543C530A28E60F8400B94B9F /* XCRemoteSwiftPackageReference "realm-swift" */,
				543C530F28E6123700B94B9F /* XCRemoteSwiftPackageReference "BottomSheet" */,
			);
			productRefGroup = 5424902628E4F09200149C08 /* Products */;
			projectDirPath = "";
			projectRoot = "";
			targets = (
				5424902428E4F09200149C08 /* octosub */,
				5424903428E4F09300149C08 /* octosubTests */,
				5424903E28E4F09300149C08 /* octosubUITests */,
			);
		};
/* End PBXProject section */

/* Begin PBXResourcesBuildPhase section */
		5424902328E4F09200149C08 /* Resources */ = {
			isa = PBXResourcesBuildPhase;
			buildActionMask = 2147483647;
			files = (
				5424903028E4F09200149C08 /* Preview Assets.xcassets in Resources */,
				54ADC34328E57B5A00725770 /* GoogleService-Info.plist in Resources */,
				54D61E6428E5722F005D766F /* Localizable.strings in Resources */,
				5424902D28E4F09200149C08 /* Assets.xcassets in Resources */,
			);
			runOnlyForDeploymentPostprocessing = 0;
		};
		5424903328E4F09300149C08 /* Resources */ = {
			isa = PBXResourcesBuildPhase;
			buildActionMask = 2147483647;
			files = (
			);
			runOnlyForDeploymentPostprocessing = 0;
		};
		5424903D28E4F09300149C08 /* Resources */ = {
			isa = PBXResourcesBuildPhase;
			buildActionMask = 2147483647;
			files = (
			);
			runOnlyForDeploymentPostprocessing = 0;
		};
/* End PBXResourcesBuildPhase section */

/* Begin PBXSourcesBuildPhase section */
		5424902128E4F09200149C08 /* Sources */ = {
			isa = PBXSourcesBuildPhase;
			buildActionMask = 2147483647;
			files = (
				54ADC31628E5770300725770 /* SubscriptionServicesDataSource.swift in Sources */,
				541184F828E4FD550003CFA6 /* UserSubscriptionsViewModel.swift in Sources */,
				541184B328E4F30C0003CFA6 /* Color+Extensions.swift in Sources */,
				54ADC31E28E577BA00725770 /* SubcriptionServicesServiceImp.swift in Sources */,
				541184C328E4F4BB0003CFA6 /* UserDefaultsDataSourceImp.swift in Sources */,
				54ADC32F28E578F000725770 /* SubscriptionServiceDTOMapper.swift in Sources */,
				541184E028E4FA8F0003CFA6 /* SubscriptionService.swift in Sources */,
				543C52E628E60D6600B94B9F /* SubscriptionError.swift in Sources */,
				541184ED28E4FBB80003CFA6 /* SubscriptionServiceMother.swift in Sources */,
				541184DC28E4FA5B0003CFA6 /* Subscription.swift in Sources */,
				543C530628E60F0200B94B9F /* SubscriptionServiceEntityMapper.swift in Sources */,
				54ADC32C28E578CF00725770 /* SubscriptionServiceDTO.swift in Sources */,
				543C532E28E6135D00B94B9F /* TimePickerDurationStrategy.swift in Sources */,
				543C52E928E60EB100B94B9F /* SubscriptionsDataSource.swift in Sources */,
				541184DA28E4FA340003CFA6 /* UserSubscriptionViewRow.swift in Sources */,
				543C52E328E60C1100B94B9F /* CreateSubscriptionViewModel.swift in Sources */,
				543C533028E6135D00B94B9F /* PickerRepresentableValue.swift in Sources */,
				543C530928E60F0200B94B9F /* SubscriptionEntity.swift in Sources */,
				543C530028E60F0200B94B9F /* SubscriptionDAO.swift in Sources */,
				54ADC31328E576B900725770 /* SubscriptionServicesListViewModel.swift in Sources */,
				543C532628E6135D00B94B9F /* DateFieldWithTextView.swift in Sources */,
				541184CB28E4F5D90003CFA6 /* AppSetting.swift in Sources */,
				543C530728E60F0200B94B9F /* SubscriptionEntityMapper.swift in Sources */,
				543C530128E60F0200B94B9F /* SubscriptionDAOImp.swift in Sources */,
				543C530428E60F0200B94B9F /* GenericDAO.swift in Sources */,
				543C532828E6135D00B94B9F /* TextFieldWithTextView.swift in Sources */,
				541184C928E4F5C70003CFA6 /* UserPrefencePersitable.swift in Sources */,
				541184F328E4FCBA0003CFA6 /* UserSubscriptionsEmptyView.swift in Sources */,
				54ADC31828E5774000725770 /* SubscriptionServicesDataSourceImp.swift in Sources */,
				543C532C28E6135D00B94B9F /* TimePickerStrategy.swift in Sources */,
				541184F628E4FD400003CFA6 /* UserSubscriptionsView.swift in Sources */,
				543C532F28E6135D00B94B9F /* TimeMultiplePicker.swift in Sources */,
				543C532928E6135D00B94B9F /* SubscriptionPriceView.swift in Sources */,
				541184E228E4FAD10003CFA6 /* DateDuration.swift in Sources */,
				54ADC31C28E577A600725770 /* SubcriptionServicesService.swift in Sources */,
				541184F128E4FC660003CFA6 /* UserSubscriptionsViewHeader.swift in Sources */,
				54D61E6928E57292005D766F /* String+Extensions.swift in Sources */,
				541184EA28E4FB740003CFA6 /* SubscriptionMother.swift in Sources */,
				541184BA28E4F3EA0003CFA6 /* OnBoardingStep.swift in Sources */,
				543C52EB28E60EDA00B94B9F /* SubscriptionsDataSourceImp.swift in Sources */,
				541184E828E4FB340003CFA6 /* CurrencyFormatter.swift in Sources */,
				541184E528E4FB040003CFA6 /* DateType.swift in Sources */,
				541184AC28E4F2240003CFA6 /* OnBoardingView.swift in Sources */,
				541184BE28E4F4660003CFA6 /* AppSettingsViewModel.swift in Sources */,
				543C530528E60F0200B94B9F /* GenericDAOImp.swift in Sources */,
				541184D228E4F7980003CFA6 /* NavigationStyles.swift in Sources */,
				543C532D28E6135D00B94B9F /* TimePickerRepetitionStrategy.swift in Sources */,
				543C532A28E6135D00B94B9F /* CurrencyTextField.swift in Sources */,
				541184CF28E4F6A20003CFA6 /* AppDelegate.swift in Sources */,
				543C52E128E60BC300B94B9F /* CreateSubscriptionView.swift in Sources */,
				541184B728E4F3B90003CFA6 /* OnBoardingViewModel.swift in Sources */,
				543C532B28E6135D00B94B9F /* CurrencyUITextField.swift in Sources */,
				541184C428E4F4BB0003CFA6 /* UserDefaultsDataSource.swift in Sources */,
				543C530828E60F0200B94B9F /* SubscriptionServiceEntity.swift in Sources */,
				54ADC34128E57A2700725770 /* SubscriptionServicesListRow.swift in Sources */,
				541184D428E4F7CC0003CFA6 /* UIColor+Extensions.swift in Sources */,
				54ADC33E28E579D700725770 /* SubscriptionServicesListView.swift in Sources */,
				541184AF28E4F2680003CFA6 /* OnBoardingPageView.swift in Sources */,
				5424902928E4F09200149C08 /* octosubApp.swift in Sources */,
			);
			runOnlyForDeploymentPostprocessing = 0;
		};
		5424903128E4F09300149C08 /* Sources */ = {
			isa = PBXSourcesBuildPhase;
			buildActionMask = 2147483647;
			files = (
				541184FD28E4FF020003CFA6 /* AppSettingsViewModelTest.swift in Sources */,
				5411850728E502330003CFA6 /* AppSettingsDataSourceTest.swift in Sources */,
				5411850028E4FF650003CFA6 /* AppSettingsDataSourceMock.swift in Sources */,
			);
			runOnlyForDeploymentPostprocessing = 0;
		};
		5424903B28E4F09300149C08 /* Sources */ = {
			isa = PBXSourcesBuildPhase;
			buildActionMask = 2147483647;
			files = (
				5424904628E4F09300149C08 /* octosubUITestsLaunchTests.swift in Sources */,
				5424904428E4F09300149C08 /* octosubUITests.swift in Sources */,
			);
			runOnlyForDeploymentPostprocessing = 0;
		};
/* End PBXSourcesBuildPhase section */

/* Begin PBXTargetDependency section */
		5424903728E4F09300149C08 /* PBXTargetDependency */ = {
			isa = PBXTargetDependency;
			target = 5424902428E4F09200149C08 /* octosub */;
			targetProxy = 5424903628E4F09300149C08 /* PBXContainerItemProxy */;
		};
		5424904128E4F09300149C08 /* PBXTargetDependency */ = {
			isa = PBXTargetDependency;
			target = 5424902428E4F09200149C08 /* octosub */;
			targetProxy = 5424904028E4F09300149C08 /* PBXContainerItemProxy */;
		};
/* End PBXTargetDependency section */

/* Begin PBXVariantGroup section */
		54D61E6628E5722F005D766F /* Localizable.strings */ = {
			isa = PBXVariantGroup;
			children = (
				54D61E6528E5722F005D766F /* en */,
				54D61E6728E57246005D766F /* es */,
			);
			name = Localizable.strings;
			sourceTree = "<group>";
		};
/* End PBXVariantGroup section */

/* Begin XCBuildConfiguration section */
		5424904728E4F09300149C08 /* Debug */ = {
			isa = XCBuildConfiguration;
			buildSettings = {
				ALWAYS_SEARCH_USER_PATHS = NO;
				CLANG_ANALYZER_LOCALIZABILITY_NONLOCALIZED = YES;
				CLANG_ANALYZER_NONNULL = YES;
				CLANG_ANALYZER_NUMBER_OBJECT_CONVERSION = YES_AGGRESSIVE;
				CLANG_CXX_LANGUAGE_STANDARD = "gnu++20";
				CLANG_ENABLE_MODULES = YES;
				CLANG_ENABLE_OBJC_ARC = YES;
				CLANG_ENABLE_OBJC_WEAK = YES;
				CLANG_WARN_BLOCK_CAPTURE_AUTORELEASING = YES;
				CLANG_WARN_BOOL_CONVERSION = YES;
				CLANG_WARN_COMMA = YES;
				CLANG_WARN_CONSTANT_CONVERSION = YES;
				CLANG_WARN_DEPRECATED_OBJC_IMPLEMENTATIONS = YES;
				CLANG_WARN_DIRECT_OBJC_ISA_USAGE = YES_ERROR;
				CLANG_WARN_DOCUMENTATION_COMMENTS = YES;
				CLANG_WARN_EMPTY_BODY = YES;
				CLANG_WARN_ENUM_CONVERSION = YES;
				CLANG_WARN_INFINITE_RECURSION = YES;
				CLANG_WARN_INT_CONVERSION = YES;
				CLANG_WARN_NON_LITERAL_NULL_CONVERSION = YES;
				CLANG_WARN_OBJC_IMPLICIT_RETAIN_SELF = YES;
				CLANG_WARN_OBJC_LITERAL_CONVERSION = YES;
				CLANG_WARN_OBJC_ROOT_CLASS = YES_ERROR;
				CLANG_WARN_QUOTED_INCLUDE_IN_FRAMEWORK_HEADER = YES;
				CLANG_WARN_RANGE_LOOP_ANALYSIS = YES;
				CLANG_WARN_STRICT_PROTOTYPES = YES;
				CLANG_WARN_SUSPICIOUS_MOVE = YES;
				CLANG_WARN_UNGUARDED_AVAILABILITY = YES_AGGRESSIVE;
				CLANG_WARN_UNREACHABLE_CODE = YES;
				CLANG_WARN__DUPLICATE_METHOD_MATCH = YES;
				COPY_PHASE_STRIP = NO;
				DEBUG_INFORMATION_FORMAT = dwarf;
				ENABLE_STRICT_OBJC_MSGSEND = YES;
				ENABLE_TESTABILITY = YES;
				ENABLE_TESTING_SEARCH_PATHS = NO;
				GCC_C_LANGUAGE_STANDARD = gnu11;
				GCC_DYNAMIC_NO_PIC = NO;
				GCC_NO_COMMON_BLOCKS = YES;
				GCC_OPTIMIZATION_LEVEL = 0;
				GCC_PREPROCESSOR_DEFINITIONS = (
					"DEBUG=1",
					"$(inherited)",
				);
				GCC_WARN_64_TO_32_BIT_CONVERSION = YES;
				GCC_WARN_ABOUT_RETURN_TYPE = YES_ERROR;
				GCC_WARN_UNDECLARED_SELECTOR = YES;
				GCC_WARN_UNINITIALIZED_AUTOS = YES_AGGRESSIVE;
				GCC_WARN_UNUSED_FUNCTION = YES;
				GCC_WARN_UNUSED_VARIABLE = YES;
				IPHONEOS_DEPLOYMENT_TARGET = 16.0;
				MTL_ENABLE_DEBUG_INFO = INCLUDE_SOURCE;
				MTL_FAST_MATH = YES;
				ONLY_ACTIVE_ARCH = YES;
				SDKROOT = iphoneos;
				SWIFT_ACTIVE_COMPILATION_CONDITIONS = DEBUG;
				SWIFT_OPTIMIZATION_LEVEL = "-Onone";
			};
			name = Debug;
		};
		5424904828E4F09300149C08 /* Release */ = {
			isa = XCBuildConfiguration;
			buildSettings = {
				ALWAYS_SEARCH_USER_PATHS = NO;
				CLANG_ANALYZER_LOCALIZABILITY_NONLOCALIZED = YES;
				CLANG_ANALYZER_NONNULL = YES;
				CLANG_ANALYZER_NUMBER_OBJECT_CONVERSION = YES_AGGRESSIVE;
				CLANG_CXX_LANGUAGE_STANDARD = "gnu++20";
				CLANG_ENABLE_MODULES = YES;
				CLANG_ENABLE_OBJC_ARC = YES;
				CLANG_ENABLE_OBJC_WEAK = YES;
				CLANG_WARN_BLOCK_CAPTURE_AUTORELEASING = YES;
				CLANG_WARN_BOOL_CONVERSION = YES;
				CLANG_WARN_COMMA = YES;
				CLANG_WARN_CONSTANT_CONVERSION = YES;
				CLANG_WARN_DEPRECATED_OBJC_IMPLEMENTATIONS = YES;
				CLANG_WARN_DIRECT_OBJC_ISA_USAGE = YES_ERROR;
				CLANG_WARN_DOCUMENTATION_COMMENTS = YES;
				CLANG_WARN_EMPTY_BODY = YES;
				CLANG_WARN_ENUM_CONVERSION = YES;
				CLANG_WARN_INFINITE_RECURSION = YES;
				CLANG_WARN_INT_CONVERSION = YES;
				CLANG_WARN_NON_LITERAL_NULL_CONVERSION = YES;
				CLANG_WARN_OBJC_IMPLICIT_RETAIN_SELF = YES;
				CLANG_WARN_OBJC_LITERAL_CONVERSION = YES;
				CLANG_WARN_OBJC_ROOT_CLASS = YES_ERROR;
				CLANG_WARN_QUOTED_INCLUDE_IN_FRAMEWORK_HEADER = YES;
				CLANG_WARN_RANGE_LOOP_ANALYSIS = YES;
				CLANG_WARN_STRICT_PROTOTYPES = YES;
				CLANG_WARN_SUSPICIOUS_MOVE = YES;
				CLANG_WARN_UNGUARDED_AVAILABILITY = YES_AGGRESSIVE;
				CLANG_WARN_UNREACHABLE_CODE = YES;
				CLANG_WARN__DUPLICATE_METHOD_MATCH = YES;
				COPY_PHASE_STRIP = NO;
				DEBUG_INFORMATION_FORMAT = "dwarf-with-dsym";
				ENABLE_NS_ASSERTIONS = NO;
				ENABLE_STRICT_OBJC_MSGSEND = YES;
				ENABLE_TESTING_SEARCH_PATHS = NO;
				GCC_C_LANGUAGE_STANDARD = gnu11;
				GCC_NO_COMMON_BLOCKS = YES;
				GCC_WARN_64_TO_32_BIT_CONVERSION = YES;
				GCC_WARN_ABOUT_RETURN_TYPE = YES_ERROR;
				GCC_WARN_UNDECLARED_SELECTOR = YES;
				GCC_WARN_UNINITIALIZED_AUTOS = YES_AGGRESSIVE;
				GCC_WARN_UNUSED_FUNCTION = YES;
				GCC_WARN_UNUSED_VARIABLE = YES;
				IPHONEOS_DEPLOYMENT_TARGET = 16.0;
				MTL_ENABLE_DEBUG_INFO = NO;
				MTL_FAST_MATH = YES;
				SDKROOT = iphoneos;
				SWIFT_COMPILATION_MODE = wholemodule;
				SWIFT_OPTIMIZATION_LEVEL = "-O";
				VALIDATE_PRODUCT = YES;
			};
			name = Release;
		};
		5424904A28E4F09300149C08 /* Debug */ = {
			isa = XCBuildConfiguration;
			buildSettings = {
				ASSETCATALOG_COMPILER_APPICON_NAME = AppIcon;
				ASSETCATALOG_COMPILER_GLOBAL_ACCENT_COLOR_NAME = AccentColor;
				CODE_SIGN_STYLE = Automatic;
				CURRENT_PROJECT_VERSION = 1;
				DEVELOPMENT_ASSET_PATHS = "\"octosub/Preview Content\"";
				DEVELOPMENT_TEAM = SD98EDDB4C;
				ENABLE_PREVIEWS = YES;
				ENABLE_TESTING_SEARCH_PATHS = NO;
				GENERATE_INFOPLIST_FILE = YES;
				INFOPLIST_KEY_CFBundleDisplayName = OctoSub;
				INFOPLIST_KEY_UIApplicationSceneManifest_Generation = YES;
				INFOPLIST_KEY_UIApplicationSupportsIndirectInputEvents = YES;
				INFOPLIST_KEY_UILaunchScreen_Generation = YES;
				INFOPLIST_KEY_UISupportedInterfaceOrientations = UIInterfaceOrientationPortrait;
				INFOPLIST_KEY_UISupportedInterfaceOrientations_iPad = "UIInterfaceOrientationLandscapeLeft UIInterfaceOrientationLandscapeRight UIInterfaceOrientationPortrait UIInterfaceOrientationPortraitUpsideDown";
				IPHONEOS_DEPLOYMENT_TARGET = 15.5;
				LD_RUNPATH_SEARCH_PATHS = (
					"$(inherited)",
					"@executable_path/Frameworks",
				);
				MARKETING_VERSION = 1.0;
				PRODUCT_BUNDLE_IDENTIFIER = com.manu.octosub;
				PRODUCT_NAME = "$(TARGET_NAME)";
				SUPPORTED_PLATFORMS = "iphoneos iphonesimulator";
				SUPPORTS_MACCATALYST = NO;
				SUPPORTS_MAC_DESIGNED_FOR_IPHONE_IPAD = NO;
				SWIFT_EMIT_LOC_STRINGS = YES;
				SWIFT_VERSION = 5.0;
				TARGETED_DEVICE_FAMILY = 1;
			};
			name = Debug;
		};
		5424904B28E4F09300149C08 /* Release */ = {
			isa = XCBuildConfiguration;
			buildSettings = {
				ASSETCATALOG_COMPILER_APPICON_NAME = AppIcon;
				ASSETCATALOG_COMPILER_GLOBAL_ACCENT_COLOR_NAME = AccentColor;
				CODE_SIGN_STYLE = Automatic;
				CURRENT_PROJECT_VERSION = 1;
				DEVELOPMENT_ASSET_PATHS = "\"octosub/Preview Content\"";
				DEVELOPMENT_TEAM = SD98EDDB4C;
				ENABLE_PREVIEWS = YES;
				ENABLE_TESTING_SEARCH_PATHS = NO;
				GENERATE_INFOPLIST_FILE = YES;
				INFOPLIST_KEY_CFBundleDisplayName = OctoSub;
				INFOPLIST_KEY_UIApplicationSceneManifest_Generation = YES;
				INFOPLIST_KEY_UIApplicationSupportsIndirectInputEvents = YES;
				INFOPLIST_KEY_UILaunchScreen_Generation = YES;
				INFOPLIST_KEY_UISupportedInterfaceOrientations = UIInterfaceOrientationPortrait;
				INFOPLIST_KEY_UISupportedInterfaceOrientations_iPad = "UIInterfaceOrientationLandscapeLeft UIInterfaceOrientationLandscapeRight UIInterfaceOrientationPortrait UIInterfaceOrientationPortraitUpsideDown";
				IPHONEOS_DEPLOYMENT_TARGET = 15.5;
				LD_RUNPATH_SEARCH_PATHS = (
					"$(inherited)",
					"@executable_path/Frameworks",
				);
				MARKETING_VERSION = 1.0;
				PRODUCT_BUNDLE_IDENTIFIER = com.manu.octosub;
				PRODUCT_NAME = "$(TARGET_NAME)";
				SUPPORTED_PLATFORMS = "iphoneos iphonesimulator";
				SUPPORTS_MACCATALYST = NO;
				SUPPORTS_MAC_DESIGNED_FOR_IPHONE_IPAD = NO;
				SWIFT_EMIT_LOC_STRINGS = YES;
				SWIFT_VERSION = 5.0;
				TARGETED_DEVICE_FAMILY = 1;
			};
			name = Release;
		};
		5424904D28E4F09300149C08 /* Debug */ = {
			isa = XCBuildConfiguration;
			buildSettings = {
				ALWAYS_EMBED_SWIFT_STANDARD_LIBRARIES = YES;
				BUNDLE_LOADER = "$(TEST_HOST)";
				CLANG_ENABLE_MODULES = YES;
				CODE_SIGN_STYLE = Automatic;
				CURRENT_PROJECT_VERSION = 1;
				DEVELOPMENT_TEAM = SD98EDDB4C;
				ENABLE_TESTING_SEARCH_PATHS = YES;
				GENERATE_INFOPLIST_FILE = YES;
				IPHONEOS_DEPLOYMENT_TARGET = 16.0;
				LD_RUNPATH_SEARCH_PATHS = (
					"$(inherited)",
					"@executable_path/Frameworks",
					"@loader_path/Frameworks",
				);
				MARKETING_VERSION = 1.0;
				PRODUCT_BUNDLE_IDENTIFIER = com.manu.octosubTests;
				PRODUCT_NAME = "$(TARGET_NAME)";
				SUPPORTED_PLATFORMS = "iphoneos iphonesimulator";
				SUPPORTS_MACCATALYST = NO;
				SUPPORTS_MAC_DESIGNED_FOR_IPHONE_IPAD = NO;
				SWIFT_EMIT_LOC_STRINGS = NO;
				SWIFT_OPTIMIZATION_LEVEL = "-Onone";
				SWIFT_VERSION = 5.0;
				TARGETED_DEVICE_FAMILY = 1;
				TEST_HOST = "$(BUILT_PRODUCTS_DIR)/octosub.app/$(BUNDLE_EXECUTABLE_FOLDER_PATH)/octosub";
			};
			name = Debug;
		};
		5424904E28E4F09300149C08 /* Release */ = {
			isa = XCBuildConfiguration;
			buildSettings = {
				ALWAYS_EMBED_SWIFT_STANDARD_LIBRARIES = YES;
				BUNDLE_LOADER = "$(TEST_HOST)";
				CLANG_ENABLE_MODULES = YES;
				CODE_SIGN_STYLE = Automatic;
				CURRENT_PROJECT_VERSION = 1;
				DEVELOPMENT_TEAM = SD98EDDB4C;
				ENABLE_TESTING_SEARCH_PATHS = YES;
				GENERATE_INFOPLIST_FILE = YES;
				IPHONEOS_DEPLOYMENT_TARGET = 16.0;
				LD_RUNPATH_SEARCH_PATHS = (
					"$(inherited)",
					"@executable_path/Frameworks",
					"@loader_path/Frameworks",
				);
				MARKETING_VERSION = 1.0;
				PRODUCT_BUNDLE_IDENTIFIER = com.manu.octosubTests;
				PRODUCT_NAME = "$(TARGET_NAME)";
				SUPPORTED_PLATFORMS = "iphoneos iphonesimulator";
				SUPPORTS_MACCATALYST = NO;
				SUPPORTS_MAC_DESIGNED_FOR_IPHONE_IPAD = NO;
				SWIFT_EMIT_LOC_STRINGS = NO;
				SWIFT_VERSION = 5.0;
				TARGETED_DEVICE_FAMILY = 1;
				TEST_HOST = "$(BUILT_PRODUCTS_DIR)/octosub.app/$(BUNDLE_EXECUTABLE_FOLDER_PATH)/octosub";
			};
			name = Release;
		};
		5424905028E4F09300149C08 /* Debug */ = {
			isa = XCBuildConfiguration;
			buildSettings = {
				ALWAYS_EMBED_SWIFT_STANDARD_LIBRARIES = YES;
				CODE_SIGN_STYLE = Automatic;
				CURRENT_PROJECT_VERSION = 1;
				DEVELOPMENT_TEAM = SD98EDDB4C;
				ENABLE_TESTING_SEARCH_PATHS = YES;
				GENERATE_INFOPLIST_FILE = YES;
				MARKETING_VERSION = 1.0;
				PRODUCT_BUNDLE_IDENTIFIER = com.manu.octosubUITests;
				PRODUCT_NAME = "$(TARGET_NAME)";
				SUPPORTED_PLATFORMS = "iphoneos iphonesimulator";
				SUPPORTS_MACCATALYST = NO;
				SUPPORTS_MAC_DESIGNED_FOR_IPHONE_IPAD = NO;
				SWIFT_EMIT_LOC_STRINGS = NO;
				SWIFT_VERSION = 5.0;
				TARGETED_DEVICE_FAMILY = 1;
				TEST_TARGET_NAME = octosub;
			};
			name = Debug;
		};
		5424905128E4F09300149C08 /* Release */ = {
			isa = XCBuildConfiguration;
			buildSettings = {
				ALWAYS_EMBED_SWIFT_STANDARD_LIBRARIES = YES;
				CODE_SIGN_STYLE = Automatic;
				CURRENT_PROJECT_VERSION = 1;
				DEVELOPMENT_TEAM = SD98EDDB4C;
				ENABLE_TESTING_SEARCH_PATHS = YES;
				GENERATE_INFOPLIST_FILE = YES;
				MARKETING_VERSION = 1.0;
				PRODUCT_BUNDLE_IDENTIFIER = com.manu.octosubUITests;
				PRODUCT_NAME = "$(TARGET_NAME)";
				SUPPORTED_PLATFORMS = "iphoneos iphonesimulator";
				SUPPORTS_MACCATALYST = NO;
				SUPPORTS_MAC_DESIGNED_FOR_IPHONE_IPAD = NO;
				SWIFT_EMIT_LOC_STRINGS = NO;
				SWIFT_VERSION = 5.0;
				TARGETED_DEVICE_FAMILY = 1;
				TEST_TARGET_NAME = octosub;
			};
			name = Release;
		};
/* End XCBuildConfiguration section */

/* Begin XCConfigurationList section */
		5424902028E4F09200149C08 /* Build configuration list for PBXProject "octosub" */ = {
			isa = XCConfigurationList;
			buildConfigurations = (
				5424904728E4F09300149C08 /* Debug */,
				5424904828E4F09300149C08 /* Release */,
			);
			defaultConfigurationIsVisible = 0;
			defaultConfigurationName = Release;
		};
		5424904928E4F09300149C08 /* Build configuration list for PBXNativeTarget "octosub" */ = {
			isa = XCConfigurationList;
			buildConfigurations = (
				5424904A28E4F09300149C08 /* Debug */,
				5424904B28E4F09300149C08 /* Release */,
			);
			defaultConfigurationIsVisible = 0;
			defaultConfigurationName = Release;
		};
		5424904C28E4F09300149C08 /* Build configuration list for PBXNativeTarget "octosubTests" */ = {
			isa = XCConfigurationList;
			buildConfigurations = (
				5424904D28E4F09300149C08 /* Debug */,
				5424904E28E4F09300149C08 /* Release */,
			);
			defaultConfigurationIsVisible = 0;
			defaultConfigurationName = Release;
		};
		5424904F28E4F09300149C08 /* Build configuration list for PBXNativeTarget "octosubUITests" */ = {
			isa = XCConfigurationList;
			buildConfigurations = (
				5424905028E4F09300149C08 /* Debug */,
				5424905128E4F09300149C08 /* Release */,
			);
			defaultConfigurationIsVisible = 0;
			defaultConfigurationName = Release;
		};
/* End XCConfigurationList section */

/* Begin XCRemoteSwiftPackageReference section */
		543C530A28E60F8400B94B9F /* XCRemoteSwiftPackageReference "realm-swift" */ = {
			isa = XCRemoteSwiftPackageReference;
			repositoryURL = "https://github.com/realm/realm-swift.git";
			requirement = {
				kind = upToNextMajorVersion;
				minimumVersion = 10.0.0;
			};
		};
		543C530F28E6123700B94B9F /* XCRemoteSwiftPackageReference "BottomSheet" */ = {
			isa = XCRemoteSwiftPackageReference;
			repositoryURL = "https://github.com/lucaszischka/BottomSheet";
			requirement = {
				kind = upToNextMajorVersion;
				minimumVersion = 3.0.0;
			};
		};
		54ADC30D28E5746300725770 /* XCRemoteSwiftPackageReference "Nimble" */ = {
			isa = XCRemoteSwiftPackageReference;
			repositoryURL = "https://github.com/Quick/Nimble";
			requirement = {
				kind = upToNextMajorVersion;
				minimumVersion = 10.0.0;
			};
		};
		54ADC33028E5794900725770 /* XCRemoteSwiftPackageReference "firebase-ios-sdk" */ = {
			isa = XCRemoteSwiftPackageReference;
			repositoryURL = "https://github.com/firebase/firebase-ios-sdk";
			requirement = {
				kind = upToNextMajorVersion;
				minimumVersion = 9.0.0;
			};
		};
/* End XCRemoteSwiftPackageReference section */

/* Begin XCSwiftPackageProductDependency section */
		543C530B28E60F8400B94B9F /* Realm */ = {
			isa = XCSwiftPackageProductDependency;
			package = 543C530A28E60F8400B94B9F /* XCRemoteSwiftPackageReference "realm-swift" */;
			productName = Realm;
		};
		543C530D28E60F8400B94B9F /* RealmSwift */ = {
			isa = XCSwiftPackageProductDependency;
			package = 543C530A28E60F8400B94B9F /* XCRemoteSwiftPackageReference "realm-swift" */;
			productName = RealmSwift;
		};
		543C531028E6123700B94B9F /* BottomSheet */ = {
			isa = XCSwiftPackageProductDependency;
			package = 543C530F28E6123700B94B9F /* XCRemoteSwiftPackageReference "BottomSheet" */;
			productName = BottomSheet;
		};
		54ADC30E28E5746300725770 /* Nimble */ = {
			isa = XCSwiftPackageProductDependency;
			package = 54ADC30D28E5746300725770 /* XCRemoteSwiftPackageReference "Nimble" */;
			productName = Nimble;
		};
		54ADC33128E5794900725770 /* FirebaseCrashlytics */ = {
			isa = XCSwiftPackageProductDependency;
			package = 54ADC33028E5794900725770 /* XCRemoteSwiftPackageReference "firebase-ios-sdk" */;
			productName = FirebaseCrashlytics;
		};
		54ADC33328E5794900725770 /* FirebaseFirestore */ = {
			isa = XCSwiftPackageProductDependency;
			package = 54ADC33028E5794900725770 /* XCRemoteSwiftPackageReference "firebase-ios-sdk" */;
			productName = FirebaseFirestore;
		};
		54ADC33528E5794900725770 /* FirebaseFirestoreSwift */ = {
			isa = XCSwiftPackageProductDependency;
			package = 54ADC33028E5794900725770 /* XCRemoteSwiftPackageReference "firebase-ios-sdk" */;
			productName = FirebaseFirestoreSwift;
		};
		54ADC33728E5794900725770 /* FirebaseMessaging */ = {
			isa = XCSwiftPackageProductDependency;
			package = 54ADC33028E5794900725770 /* XCRemoteSwiftPackageReference "firebase-ios-sdk" */;
			productName = FirebaseMessaging;
		};
		54ADC33928E5794900725770 /* FirebaseRemoteConfig */ = {
			isa = XCSwiftPackageProductDependency;
			package = 54ADC33028E5794900725770 /* XCRemoteSwiftPackageReference "firebase-ios-sdk" */;
			productName = FirebaseRemoteConfig;
		};
		54ADC33B28E5794900725770 /* FirebaseRemoteConfigSwift */ = {
			isa = XCSwiftPackageProductDependency;
			package = 54ADC33028E5794900725770 /* XCRemoteSwiftPackageReference "firebase-ios-sdk" */;
			productName = FirebaseRemoteConfigSwift;
		};
/* End XCSwiftPackageProductDependency section */
	};
	rootObject = 5424901D28E4F09200149C08 /* Project object */;
}
